{
  "AI / AI Engineering": "ai-ai-engineering",
  "Machine Learning Engineering": "machine-learning-engineering",
  "Data Science": "data-science",
  "Data Analytics": "data-analytics",
  "Data Engineering": "data-engineering",
  "Research and Analysis": "research-and-analysis",
  "Healthcare Analytics": "healthcare-analytics",
  "Software Engineering": "software-engineering",
  "QA / Testing": "qa-testing",
  "Robotics": "robotics",
  "Mechanical / Civil / Chemical": "mechanical-civil-chemical",
  "Blockchain / Web3": "blockchain-web3",
  "Product Management": "product-management",
  "UX / UI Design": "ux-ui-design",
  "UX Research": "ux-research",
  "Industrial Design": "industrial-design",
  "Architecture": "architecture",
  "Technical Writing": "technical-writing",
  "Business Strategy": "business-strategy",
  "Consulting": "consulting",
  "Strategy & Corporate Analysis": "strategy-corporate-analysis",
  "Innovation Sourcing": "innovation-sourcing",
  "Procurement & Sourcing": "procurement-sourcing",
  "Entrepreneurship / Founder": "entrepreneurship-founder",
  "Business Development / Partnerships": "business-development-partnerships",
  "Finance (general)": "finance-general",
  "Investment Banking": "investment-banking",
  "Venture Capital": "venture-capital",
  "Private Equity": "private-equity",
  "Asset & Wealth Management": "asset-wealth-management",
  "Quantitative Trading": "quantitative-trading",
  "Tax": "tax",
  "Actuarial Science": "actuarial-science",
  "Corporate Development / M&A": "corporate-development-m-a",
  "Fintech": "fintech",
  "Real Estate": "real-estate",
  "Marketing (general)": "marketing-general",
  "Brand Management": "brand-management",
  "Advertising & Media Planning": "advertising-media-planning",
  "Creative Strategist": "creative-strategist",
  "Content Creation / Copywriting": "content-creation-copywriting",
  "Social Media Management": "social-media-management",
  "PR & Communications": "pr-communications",
  "Tech Sales": "tech-sales",
  "Sales (Enterprise / B2B)": "sales-enterprise-b2b",
  "E-Commerce": "e-commerce",
  "Journalism": "journalism",
  "Film & Video Production": "film-video-production",
  "Music": "music",
  "Fashion & Luxury": "fashion-luxury",
  "Sports & Entertainment": "sports-entertainment",
  "Consumer Insights": "consumer-insights",
  "Consumer Research": "consumer-research",
  "Market Research": "market-research",
  "CPG": "cpg",
  "Travel & Hospitality": "travel-hospitality",
  "HR / People Ops": "hr-people-ops",
  "Learning & Development": "learning-development",
  "Compliance & Regulatory": "compliance-regulatory",
  "Policy Analyst": "policy-analyst",
  "Government & Public Sector": "government-public-sector",
  "International Relations": "international-relations",
  "Criminal Justice": "criminal-justice",
  "Social Justice": "social-justice",
  "Nonprofit & Social Impact": "nonprofit-social-impact",
  "Urban Planning": "urban-planning",
  "Education / EdTech": "education-edtech",
  "Trust & Safety": "trust-safety",
  "Pharmaceuticals": "pharmaceuticals",
  "Biotech & Life Sciences": "biotech-life-sciences",
  "Medical Devices": "medical-devices",
  "Public Health / Epidemiology": "public-health-epidemiology",
  "Sustainability / ESG": "sustainability-esg",
  "Energy & Renewables": "energy-renewables",
  "Environmental Science": "environmental-science",
  "Automotive & Mobility": "automotive-mobility",
  "Telecommunications": "telecommunications"
}
